<?xml version="1.0" encoding="utf-8"?>
<Project ToolsVersion="4.0" xmlns="http://schemas.microsoft.com/developer/msbuild/2003">
  <ItemGroup>
    <Filter Include="Source Files">
      <UniqueIdentifier>{4FC737F1-C7A5-4376-A066-2A32D752A2FF}</UniqueIdentifier>
      <Extensions>cpp;c;cxx;def;odl;idl;hpj;bat;asm;asmx</Extensions>
    </Filter>
    <Filter Include="Header Files">
      <UniqueIdentifier>{93995380-89BD-4b04-88EB-625FBE52EBFB}</UniqueIdentifier>
      <Extensions>h;hpp;hxx;hm;inl;inc;xsd</Extensions>
    </Filter>
    <Filter Include="Resource Files">
      <UniqueIdentifier>{67DA6AB6-F800-4c08-8B7A-83BB121AAD01}</UniqueIdentifier>
      <Extensions>rc;ico;cur;bmp;dlg;rc2;rct;bin;rgs;gif;jpg;jpeg;jpe;resx</Extensions>
    </Filter>
  </ItemGroup>
  <ItemGroup>
    <ClCompile Include="channel.cpp">
      <Filter>Source Files</Filter>
    </ClCompile>
    <ClCompile Include="client.cpp">
      <Filter>Source Files</Filter>
    </ClCompile>
    <ClCompile Include="..\Common Files\functions.cpp">
      <Filter>Source Files</Filter>
    </ClCompile>
    <ClCompile Include="hash.cpp">
      <Filter>Source Files</Filter>
    </ClCompile>
    <ClCompile Include="ll.cpp">
      <Filter>Source Files</Filter>
    </ClCompile>
    <ClCompile Include="lookup.cpp">
      <Filter>Source Files</Filter>
    </ClCompile>
    <ClCompile Include="..\Common Files\match.cpp">
      <Filter>Source Files</Filter>
    </ClCompile>
    <ClCompile Include="messages.cpp">
      <Filter>Source Files</Filter>
    </ClCompile>
    <ClCompile Include="ra.cpp">
      <Filter>Source Files</Filter>
    </ClCompile>
    <ClCompile Include="RockIRCX.cpp">
      <Filter>Source Files</Filter>
    </ClCompile>
    <ClCompile Include="..\Common Files\settings.cpp">
      <Filter>Source Files</Filter>
    </ClCompile>
    <ClCompile Include="socket.cpp">
      <Filter>Source Files</Filter>
    </ClCompile>
    <ClCompile Include="stdafx.cpp">
      <Filter>Source Files</Filter>
    </ClCompile>
    <ClCompile Include="strbuf.cpp">
      <Filter>Source Files</Filter>
    </ClCompile>
  </ItemGroup>
  <ItemGroup>
    <ClInclude Include="channel.h">
      <Filter>Header Files</Filter>
    </ClInclude>
    <ClInclude Include="client.h">
      <Filter>Header Files</Filter>
    </ClInclude>
    <ClInclude Include="..\Common Files\datalists.h">
      <Filter>Header Files</Filter>
    </ClInclude>
    <ClInclude Include="..\Common Files\functions.h">
      <Filter>Header Files</Filter>
    </ClInclude>
    <ClInclude Include="hash.h">
      <Filter>Header Files</Filter>
    </ClInclude>
    <ClInclude Include="ll.h">
      <Filter>Header Files</Filter>
    </ClInclude>
    <ClInclude Include="lookup.h">
      <Filter>Header Files</Filter>
    </ClInclude>
    <ClInclude Include="messages.h">
      <Filter>Header Files</Filter>
    </ClInclude>
    <ClInclude Include="numeric.h">
      <Filter>Header Files</Filter>
    </ClInclude>
    <ClInclude Include="ra.h">
      <Filter>Header Files</Filter>
    </ClInclude>
    <ClInclude Include="Resource.h">
      <Filter>Header Files</Filter>
    </ClInclude>
    <ClInclude Include="RockIRCX.h">
      <Filter>Header Files</Filter>
    </ClInclude>
    <ClInclude Include="..\Common Files\settings.h">
      <Filter>Header Files</Filter>
    </ClInclude>
    <ClInclude Include="socket.h">
      <Filter>Header Files</Filter>
    </ClInclude>
    <ClInclude Include="stdafx.h">
      <Filter>Header Files</Filter>
    </ClInclude>
    <ClInclude Include="strbuf.h">
      <Filter>Header Files</Filter>
    </ClInclude>
    <ClInclude Include="structs.h">
      <Filter>Header Files</Filter>
    </ClInclude>
  </ItemGroup>
  <ItemGroup>
    <None Include="error.bmp">
      <Filter>Resource Files</Filter>
    </None>
    <None Include="error.ico">
      <Filter>Resource Files</Filter>
    </None>
    <None Include="info.bmp">
      <Filter>Resource Files</Filter>
    </None>
    <None Include="info.ico">
      <Filter>Resource Files</Filter>
    </None>
    <None Include="ok.bmp">
      <Filter>Resource Files</Filter>
    </None>
    <None Include="ok.ico">
      <Filter>Resource Files</Filter>
    </None>
    <None Include="RockIRCX.ico">
      <Filter>Resource Files</Filter>
    </None>
    <None Include="serverinbound.bmp">
      <Filter>Resource Files</Filter>
    </None>
    <None Include="servernotok.bmp">
      <Filter>Resource Files</Filter>
    </None>
    <None Include="serverok.bmp">
      <Filter>Resource Files</Filter>
    </None>
    <None Include="serveroutbound.bmp">
      <Filter>Resource Files</Filter>
    </None>
    <None Include="small.ico">
      <Filter>Resource Files</Filter>
    </None>
    <None Include="warning.bmp">
      <Filter>Resource Files</Filter>
    </None>
    <None Include="warning.ico">
      <Filter>Resource Files</Filter>
    </None>
  </ItemGroup>
  <ItemGroup>
    <ResourceCompile Include="RockIRCX.rc">
      <Filter>Resource Files</Filter>
    </ResourceCompile>
  </ItemGroup>
</Project>